
Microsoft Visual Studio Solution File, Format Version 12.00
# Visual Studio Version 17
VisualStudioVersion = 17.7.34031.279
MinimumVisualStudioVersion = 10.0.40219.1
Project("{FAE04EC0-301F-11D3-BF4B-00C04F79EFBC}") = "AngularAPI", "AngularAPI\AngularAPI.csproj", "{1E5116DC-DFA8-44F7-9E9D-9B0659D72BE2}"
EndProject
Global
	GlobalSection(SolutionConfigurationPlatforms) = preSolution
		Debug|Any CPU = Debug|Any CPU
		Release|Any CPU = Release|Any CPU
	EndGlobalSection
	GlobalSection(ProjectConfigurationPlatforms) = postSolution
		{1E5116DC-DFA8-44F7-9E9D-9B0659D72BE2}.Debug|Any CPU.ActiveCfg = Debug|Any CPU
		{1E5116DC-DFA8-44F7-9E9D-9B0659D72BE2}.Debug|Any CPU.Build.0 = Debug|Any CPU
		{1E5116DC-DFA8-44F7-9E9D-9B0659D72BE2}.Release|Any CPU.ActiveCfg = Release|Any CPU
		{1E5116DC-DFA8-44F7-9E9D-9B0659D72BE2}.Release|Any CPU.Build.0 = Release|Any CPU
	EndGlobalSection
	GlobalSection(SolutionProperties) = preSolution
		HideSolutionNode = FALSE
	EndGlobalSection
	GlobalSection(ExtensibilityGlobals) = postSolution
		SolutionGuid = {A92B630B-621F-4ABF-8855-02A0187A50C4}
	EndGlobalSection
EndGlobal
